
Microsoft Visual Studio Solution File, Format Version 12.00
# Visual Studio Version 17
VisualStudioVersion = 17.14.36705.20 d17.14
MinimumVisualStudioVersion = 10.0.40219.1
Project("{FAE04EC0-301F-11D3-BF4B-00C04F79EFBC}") = "lab10_FASTA", "lab10_FASTA\lab10_FASTA.csproj", "{FF1237E2-8E89-47B9-BE61-6DC6FA7FFB73}"
EndProject
Global
	GlobalSection(SolutionConfigurationPlatforms) = preSolution
		Debug|Any CPU = Debug|Any CPU
		Release|Any CPU = Release|Any CPU
	EndGlobalSection
	GlobalSection(ProjectConfigurationPlatforms) = postSolution
		{FF1237E2-8E89-47B9-BE61-6DC6FA7FFB73}.Debug|Any CPU.ActiveCfg = Debug|Any CPU
		{FF1237E2-8E89-47B9-BE61-6DC6FA7FFB73}.Debug|Any CPU.Build.0 = Debug|Any CPU
		{FF1237E2-8E89-47B9-BE61-6DC6FA7FFB73}.Release|Any CPU.ActiveCfg = Release|Any CPU
		{FF1237E2-8E89-47B9-BE61-6DC6FA7FFB73}.Release|Any CPU.Build.0 = Release|Any CPU
	EndGlobalSection
	GlobalSection(SolutionProperties) = preSolution
		HideSolutionNode = FALSE
	EndGlobalSection
	GlobalSection(ExtensibilityGlobals) = postSolution
		SolutionGuid = {C83E2CF8-B10A-403E-95E5-F94938D76AED}
	EndGlobalSection
EndGlobal
